// !$*UTF8*$!
{
	archiveVersion = 1;
	classes = {
	};
	objectVersion = 56;
	objects = {

/* Begin PBXBuildFile section */
		C48D43552B16F4C400471126 /* MovieDetailSubView.swift in Sources */ = {isa = PBXBuildFile; fileRef = C48D43542B16F4C400471126 /* MovieDetailSubView.swift */; };
		C48D43572B16FF6900471126 /* MonthlyGraphView.swift in Sources */ = {isa = PBXBuildFile; fileRef = C48D43562B16FF6900471126 /* MonthlyGraphView.swift */; };
		C48D435A2B1708C500471126 /* Color+Extension.swift in Sources */ = {isa = PBXBuildFile; fileRef = C48D43592B1708C500471126 /* Color+Extension.swift */; };
		C49D5ECC2B1ED1520054901F /* Pretendard-Regular.otf in Resources */ = {isa = PBXBuildFile; fileRef = C49D5EC32B1ED1520054901F /* Pretendard-Regular.otf */; };
		C49D5ECD2B1ED1520054901F /* Pretendard-Black.otf in Resources */ = {isa = PBXBuildFile; fileRef = C49D5EC42B1ED1520054901F /* Pretendard-Black.otf */; };
		C49D5ECE2B1ED1520054901F /* Pretendard-Medium.otf in Resources */ = {isa = PBXBuildFile; fileRef = C49D5EC52B1ED1520054901F /* Pretendard-Medium.otf */; };
		C49D5ECF2B1ED1520054901F /* Pretendard-Light.otf in Resources */ = {isa = PBXBuildFile; fileRef = C49D5EC62B1ED1520054901F /* Pretendard-Light.otf */; };
		C49D5ED02B1ED1520054901F /* Pretendard-ExtraBold.otf in Resources */ = {isa = PBXBuildFile; fileRef = C49D5EC72B1ED1520054901F /* Pretendard-ExtraBold.otf */; };
		C49D5ED12B1ED1520054901F /* Pretendard-Bold.otf in Resources */ = {isa = PBXBuildFile; fileRef = C49D5EC82B1ED1520054901F /* Pretendard-Bold.otf */; };
		C49D5ED22B1ED1520054901F /* Pretendard-Thin.otf in Resources */ = {isa = PBXBuildFile; fileRef = C49D5EC92B1ED1520054901F /* Pretendard-Thin.otf */; };
		C49D5ED32B1ED1520054901F /* Pretendard-ExtraLight.otf in Resources */ = {isa = PBXBuildFile; fileRef = C49D5ECA2B1ED1520054901F /* Pretendard-ExtraLight.otf */; };
		C49D5ED42B1ED1520054901F /* Pretendard-SemiBold.otf in Resources */ = {isa = PBXBuildFile; fileRef = C49D5ECB2B1ED1520054901F /* Pretendard-SemiBold.otf */; };
		C49D5ED62B1ED5240054901F /* Int+Extension.swift in Sources */ = {isa = PBXBuildFile; fileRef = C49D5ED52B1ED5240054901F /* Int+Extension.swift */; };
		C49D5ED82B1EE9180054901F /* Date+Extension.swift in Sources */ = {isa = PBXBuildFile; fileRef = C49D5ED72B1EE9180054901F /* Date+Extension.swift */; };
		C4A5B2CD2B0253EA00BECFEB /* DBMovie.swift in Sources */ = {isa = PBXBuildFile; fileRef = C4A5B2CC2B0253EA00BECFEB /* DBMovie.swift */; };
		C4A5B2D02B0253FE00BECFEB /* Realm in Frameworks */ = {isa = PBXBuildFile; productRef = C4A5B2CF2B0253FE00BECFEB /* Realm */; };
		C4A5B2D22B0253FE00BECFEB /* RealmSwift in Frameworks */ = {isa = PBXBuildFile; productRef = C4A5B2D12B0253FE00BECFEB /* RealmSwift */; };
		C4A6D0B12B1760A600137244 /* KoPubWorld Dotum_Pro Bold.otf in Resources */ = {isa = PBXBuildFile; fileRef = C4A6D0AA2B1760A600137244 /* KoPubWorld Dotum_Pro Bold.otf */; };
		C4A6D0B22B1760A600137244 /* KoPubWorld Batang_Pro Bold.otf in Resources */ = {isa = PBXBuildFile; fileRef = C4A6D0AB2B1760A600137244 /* KoPubWorld Batang_Pro Bold.otf */; };
		C4A6D0B32B1760A600137244 /* KoPubWorld Batang_Pro Light.otf in Resources */ = {isa = PBXBuildFile; fileRef = C4A6D0AC2B1760A600137244 /* KoPubWorld Batang_Pro Light.otf */; };
		C4A6D0B42B1760A600137244 /* KoPubWorld Dotum_Pro Medium.otf in Resources */ = {isa = PBXBuildFile; fileRef = C4A6D0AD2B1760A600137244 /* KoPubWorld Dotum_Pro Medium.otf */; };
		C4A6D0B52B1760A600137244 /* KoPubWorld Dotum_Pro Light.otf in Resources */ = {isa = PBXBuildFile; fileRef = C4A6D0AE2B1760A600137244 /* KoPubWorld Dotum_Pro Light.otf */; };
		C4A6D0B62B1760A600137244 /* KoPubWorld Batang_Pro Medium.otf in Resources */ = {isa = PBXBuildFile; fileRef = C4A6D0AF2B1760A600137244 /* KoPubWorld Batang_Pro Medium.otf */; };
		C4A6D0B72B1760A600137244 /* 우주.ttf in Resources */ = {isa = PBXBuildFile; fileRef = C4A6D0B02B1760A600137244 /* 우주.ttf */; };
		C4A6D0BA2B17647D00137244 /* Font+Extension.swift in Sources */ = {isa = PBXBuildFile; fileRef = C4A6D0B92B17647D00137244 /* Font+Extension.swift */; };
		C4A8FF9F2B148FED008E25E4 /* OneMovieCapsule.swift in Sources */ = {isa = PBXBuildFile; fileRef = C4A8FF9E2B148FED008E25E4 /* OneMovieCapsule.swift */; };
		C4BBF5652B0B233A00C1A409 /* MyMediaDetailView.swift in Sources */ = {isa = PBXBuildFile; fileRef = C4BBF5642B0B233A00C1A409 /* MyMediaDetailView.swift */; };
		C4D308662AFE1E050005053E /* SearchMovieDetailView.swift in Sources */ = {isa = PBXBuildFile; fileRef = C4D308652AFE1E050005053E /* SearchMovieDetailView.swift */; };
		C4D308692AFE41380005053E /* SearchView.swift in Sources */ = {isa = PBXBuildFile; fileRef = C4D308682AFE41380005053E /* SearchView.swift */; };
		C4D3086C2AFE42410005053E /* TMDBService.swift in Sources */ = {isa = PBXBuildFile; fileRef = C4D3086B2AFE42410005053E /* TMDBService.swift */; };
		C4D3086E2AFE482A0005053E /* APIConstant.swift in Sources */ = {isa = PBXBuildFile; fileRef = C4D3086D2AFE482A0005053E /* APIConstant.swift */; };
		C4D308762AFE53380005053E /* MyMediaView.swift in Sources */ = {isa = PBXBuildFile; fileRef = C4D308752AFE53380005053E /* MyMediaView.swift */; };
		C4D3087C2AFE57BB0005053E /* MyMediaService.swift in Sources */ = {isa = PBXBuildFile; fileRef = C4D3087B2AFE57BB0005053E /* MyMediaService.swift */; };
		C4D308822AFF1AD30005053E /* Kingfisher in Frameworks */ = {isa = PBXBuildFile; productRef = C4D308812AFF1AD30005053E /* Kingfisher */; };
		C4D308842AFF37940005053E /* ViewingTimeView.swift in Sources */ = {isa = PBXBuildFile; fileRef = C4D308832AFF37940005053E /* ViewingTimeView.swift */; };
		C4D308862AFF37B20005053E /* Account.swift in Sources */ = {isa = PBXBuildFile; fileRef = C4D308852AFF37B20005053E /* Account.swift */; };
		C4D6C7442AFBAE2400072148 /* RunningTimeApp.swift in Sources */ = {isa = PBXBuildFile; fileRef = C4D6C7432AFBAE2400072148 /* RunningTimeApp.swift */; };
		C4D6C7462AFBAE2400072148 /* ContentView.swift in Sources */ = {isa = PBXBuildFile; fileRef = C4D6C7452AFBAE2400072148 /* ContentView.swift */; };
		C4D6C7482AFBAE2600072148 /* Assets.xcassets in Resources */ = {isa = PBXBuildFile; fileRef = C4D6C7472AFBAE2600072148 /* Assets.xcassets */; };
		C4D6C74B2AFBAE2600072148 /* Preview Assets.xcassets in Resources */ = {isa = PBXBuildFile; fileRef = C4D6C74A2AFBAE2600072148 /* Preview Assets.xcassets */; };
/* End PBXBuildFile section */

/* Begin PBXFileReference section */
		C48D43542B16F4C400471126 /* MovieDetailSubView.swift */ = {isa = PBXFileReference; lastKnownFileType = sourcecode.swift; path = MovieDetailSubView.swift; sourceTree = "<group>"; };
		C48D43562B16FF6900471126 /* MonthlyGraphView.swift */ = {isa = PBXFileReference; lastKnownFileType = sourcecode.swift; path = MonthlyGraphView.swift; sourceTree = "<group>"; };
		C48D43592B1708C500471126 /* Color+Extension.swift */ = {isa = PBXFileReference; lastKnownFileType = sourcecode.swift; path = "Color+Extension.swift"; sourceTree = "<group>"; };
		C49D5EC32B1ED1520054901F /* Pretendard-Regular.otf */ = {isa = PBXFileReference; lastKnownFileType = file; path = "Pretendard-Regular.otf"; sourceTree = "<group>"; };
		C49D5EC42B1ED1520054901F /* Pretendard-Black.otf */ = {isa = PBXFileReference; lastKnownFileType = file; path = "Pretendard-Black.otf"; sourceTree = "<group>"; };
		C49D5EC52B1ED1520054901F /* Pretendard-Medium.otf */ = {isa = PBXFileReference; lastKnownFileType = file; path = "Pretendard-Medium.otf"; sourceTree = "<group>"; };
		C49D5EC62B1ED1520054901F /* Pretendard-Light.otf */ = {isa = PBXFileReference; lastKnownFileType = file; path = "Pretendard-Light.otf"; sourceTree = "<group>"; };
		C49D5EC72B1ED1520054901F /* Pretendard-ExtraBold.otf */ = {isa = PBXFileReference; lastKnownFileType = file; path = "Pretendard-ExtraBold.otf"; sourceTree = "<group>"; };
		C49D5EC82B1ED1520054901F /* Pretendard-Bold.otf */ = {isa = PBXFileReference; lastKnownFileType = file; path = "Pretendard-Bold.otf"; sourceTree = "<group>"; };
		C49D5EC92B1ED1520054901F /* Pretendard-Thin.otf */ = {isa = PBXFileReference; lastKnownFileType = file; path = "Pretendard-Thin.otf"; sourceTree = "<group>"; };
		C49D5ECA2B1ED1520054901F /* Pretendard-ExtraLight.otf */ = {isa = PBXFileReference; lastKnownFileType = file; path = "Pretendard-ExtraLight.otf"; sourceTree = "<group>"; };
		C49D5ECB2B1ED1520054901F /* Pretendard-SemiBold.otf */ = {isa = PBXFileReference; lastKnownFileType = file; path = "Pretendard-SemiBold.otf"; sourceTree = "<group>"; };
		C49D5ED52B1ED5240054901F /* Int+Extension.swift */ = {isa = PBXFileReference; lastKnownFileType = sourcecode.swift; path = "Int+Extension.swift"; sourceTree = "<group>"; };
		C49D5ED72B1EE9180054901F /* Date+Extension.swift */ = {isa = PBXFileReference; lastKnownFileType = sourcecode.swift; path = "Date+Extension.swift"; sourceTree = "<group>"; };
		C4A5B2CC2B0253EA00BECFEB /* DBMovie.swift */ = {isa = PBXFileReference; lastKnownFileType = sourcecode.swift; path = DBMovie.swift; sourceTree = "<group>"; };
		C4A6D0AA2B1760A600137244 /* KoPubWorld Dotum_Pro Bold.otf */ = {isa = PBXFileReference; lastKnownFileType = file; path = "KoPubWorld Dotum_Pro Bold.otf"; sourceTree = "<group>"; };
		C4A6D0AB2B1760A600137244 /* KoPubWorld Batang_Pro Bold.otf */ = {isa = PBXFileReference; lastKnownFileType = file; path = "KoPubWorld Batang_Pro Bold.otf"; sourceTree = "<group>"; };
		C4A6D0AC2B1760A600137244 /* KoPubWorld Batang_Pro Light.otf */ = {isa = PBXFileReference; lastKnownFileType = file; path = "KoPubWorld Batang_Pro Light.otf"; sourceTree = "<group>"; };
		C4A6D0AD2B1760A600137244 /* KoPubWorld Dotum_Pro Medium.otf */ = {isa = PBXFileReference; lastKnownFileType = file; path = "KoPubWorld Dotum_Pro Medium.otf"; sourceTree = "<group>"; };
		C4A6D0AE2B1760A600137244 /* KoPubWorld Dotum_Pro Light.otf */ = {isa = PBXFileReference; lastKnownFileType = file; path = "KoPubWorld Dotum_Pro Light.otf"; sourceTree = "<group>"; };
		C4A6D0AF2B1760A600137244 /* KoPubWorld Batang_Pro Medium.otf */ = {isa = PBXFileReference; lastKnownFileType = file; path = "KoPubWorld Batang_Pro Medium.otf"; sourceTree = "<group>"; };
		C4A6D0B02B1760A600137244 /* 우주.ttf */ = {isa = PBXFileReference; lastKnownFileType = file; path = "우주.ttf"; sourceTree = "<group>"; };
		C4A6D0B82B1760C900137244 /* Info.plist */ = {isa = PBXFileReference; lastKnownFileType = text.plist.xml; path = Info.plist; sourceTree = "<group>"; };
		C4A6D0B92B17647D00137244 /* Font+Extension.swift */ = {isa = PBXFileReference; lastKnownFileType = sourcecode.swift; path = "Font+Extension.swift"; sourceTree = "<group>"; };
		C4A8FF9E2B148FED008E25E4 /* OneMovieCapsule.swift */ = {isa = PBXFileReference; lastKnownFileType = sourcecode.swift; path = OneMovieCapsule.swift; sourceTree = "<group>"; };
		C4BBF5642B0B233A00C1A409 /* MyMediaDetailView.swift */ = {isa = PBXFileReference; lastKnownFileType = sourcecode.swift; path = MyMediaDetailView.swift; sourceTree = "<group>"; };
		C4D308652AFE1E050005053E /* SearchMovieDetailView.swift */ = {isa = PBXFileReference; lastKnownFileType = sourcecode.swift; path = SearchMovieDetailView.swift; sourceTree = "<group>"; };
		C4D308682AFE41380005053E /* SearchView.swift */ = {isa = PBXFileReference; lastKnownFileType = sourcecode.swift; path = SearchView.swift; sourceTree = "<group>"; };
		C4D3086B2AFE42410005053E /* TMDBService.swift */ = {isa = PBXFileReference; lastKnownFileType = sourcecode.swift; path = TMDBService.swift; sourceTree = "<group>"; };
		C4D3086D2AFE482A0005053E /* APIConstant.swift */ = {isa = PBXFileReference; lastKnownFileType = sourcecode.swift; path = APIConstant.swift; sourceTree = "<group>"; };
		C4D308752AFE53380005053E /* MyMediaView.swift */ = {isa = PBXFileReference; lastKnownFileType = sourcecode.swift; path = MyMediaView.swift; sourceTree = "<group>"; };
		C4D3087B2AFE57BB0005053E /* MyMediaService.swift */ = {isa = PBXFileReference; lastKnownFileType = sourcecode.swift; path = MyMediaService.swift; sourceTree = "<group>"; };
		C4D308832AFF37940005053E /* ViewingTimeView.swift */ = {isa = PBXFileReference; lastKnownFileType = sourcecode.swift; path = ViewingTimeView.swift; sourceTree = "<group>"; };
		C4D308852AFF37B20005053E /* Account.swift */ = {isa = PBXFileReference; lastKnownFileType = sourcecode.swift; path = Account.swift; sourceTree = "<group>"; };
		C4D6C7402AFBAE2400072148 /* SAEAL.app */ = {isa = PBXFileReference; explicitFileType = wrapper.application; includeInIndex = 0; path = SAEAL.app; sourceTree = BUILT_PRODUCTS_DIR; };
		C4D6C7432AFBAE2400072148 /* RunningTimeApp.swift */ = {isa = PBXFileReference; lastKnownFileType = sourcecode.swift; path = RunningTimeApp.swift; sourceTree = "<group>"; };
		C4D6C7452AFBAE2400072148 /* ContentView.swift */ = {isa = PBXFileReference; lastKnownFileType = sourcecode.swift; path = ContentView.swift; sourceTree = "<group>"; };
		C4D6C7472AFBAE2600072148 /* Assets.xcassets */ = {isa = PBXFileReference; lastKnownFileType = folder.assetcatalog; path = Assets.xcassets; sourceTree = "<group>"; };
		C4D6C74A2AFBAE2600072148 /* Preview Assets.xcassets */ = {isa = PBXFileReference; lastKnownFileType = folder.assetcatalog; path = "Preview Assets.xcassets"; sourceTree = "<group>"; };
/* End PBXFileReference section */

/* Begin PBXFrameworksBuildPhase section */
		C4D6C73D2AFBAE2400072148 /* Frameworks */ = {
			isa = PBXFrameworksBuildPhase;
			buildActionMask = 2147483647;
			files = (
				C4A5B2D22B0253FE00BECFEB /* RealmSwift in Frameworks */,
				C4A5B2D02B0253FE00BECFEB /* Realm in Frameworks */,
				C4D308822AFF1AD30005053E /* Kingfisher in Frameworks */,
			);
			runOnlyForDeploymentPostprocessing = 0;
		};
/* End PBXFrameworksBuildPhase section */

/* Begin PBXGroup section */
		C48D43582B1708B100471126 /* Extension */ = {
			isa = PBXGroup;
			children = (
				C48D43592B1708C500471126 /* Color+Extension.swift */,
				C4A6D0B92B17647D00137244 /* Font+Extension.swift */,
				C49D5ED52B1ED5240054901F /* Int+Extension.swift */,
				C49D5ED72B1EE9180054901F /* Date+Extension.swift */,
			);
			path = Extension;
			sourceTree = "<group>";
		};
		C498EEC62B0F2D5500D16CE8 /* Time */ = {
			isa = PBXGroup;
			children = (
				C4D308832AFF37940005053E /* ViewingTimeView.swift */,
				C48D43562B16FF6900471126 /* MonthlyGraphView.swift */,
			);
			path = Time;
			sourceTree = "<group>";
		};
		C498EEC82B0F33EB00D16CE8 /* ViewModel */ = {
			isa = PBXGroup;
			children = (
				C4D3087B2AFE57BB0005053E /* MyMediaService.swift */,
			);
			path = ViewModel;
			sourceTree = "<group>";
		};
		C49D5EC22B1ED1520054901F /* Pretendard */ = {
			isa = PBXGroup;
			children = (
				C49D5EC32B1ED1520054901F /* Pretendard-Regular.otf */,
				C49D5EC42B1ED1520054901F /* Pretendard-Black.otf */,
				C49D5EC52B1ED1520054901F /* Pretendard-Medium.otf */,
				C49D5EC62B1ED1520054901F /* Pretendard-Light.otf */,
				C49D5EC72B1ED1520054901F /* Pretendard-ExtraBold.otf */,
				C49D5EC82B1ED1520054901F /* Pretendard-Bold.otf */,
				C49D5EC92B1ED1520054901F /* Pretendard-Thin.otf */,
				C49D5ECA2B1ED1520054901F /* Pretendard-ExtraLight.otf */,
				C49D5ECB2B1ED1520054901F /* Pretendard-SemiBold.otf */,
			);
			path = Pretendard;
			sourceTree = "<group>";
		};
		C4A6D0A92B17605D00137244 /* Fonts */ = {
			isa = PBXGroup;
			children = (
				C49D5EC22B1ED1520054901F /* Pretendard */,
				C4A6D0B02B1760A600137244 /* 우주.ttf */,
				C4A6D0AB2B1760A600137244 /* KoPubWorld Batang_Pro Bold.otf */,
				C4A6D0AC2B1760A600137244 /* KoPubWorld Batang_Pro Light.otf */,
				C4A6D0AF2B1760A600137244 /* KoPubWorld Batang_Pro Medium.otf */,
				C4A6D0AA2B1760A600137244 /* KoPubWorld Dotum_Pro Bold.otf */,
				C4A6D0AE2B1760A600137244 /* KoPubWorld Dotum_Pro Light.otf */,
				C4A6D0AD2B1760A600137244 /* KoPubWorld Dotum_Pro Medium.otf */,
			);
			path = Fonts;
			sourceTree = "<group>";
		};
		C4A8FF9D2B148FC5008E25E4 /* SubView */ = {
			isa = PBXGroup;
			children = (
				C4A8FF9E2B148FED008E25E4 /* OneMovieCapsule.swift */,
				C48D43542B16F4C400471126 /* MovieDetailSubView.swift */,
			);
			path = SubView;
			sourceTree = "<group>";
		};
		C4D308642AFE1DEF0005053E /* Model */ = {
			isa = PBXGroup;
			children = (
				C4D308852AFF37B20005053E /* Account.swift */,
				C4A5B2CC2B0253EA00BECFEB /* DBMovie.swift */,
			);
			path = Model;
			sourceTree = "<group>";
		};
		C4D308672AFE3EC30005053E /* View */ = {
			isa = PBXGroup;
			children = (
				C4D6C7452AFBAE2400072148 /* ContentView.swift */,
				C498EEC62B0F2D5500D16CE8 /* Time */,
				C4D308772AFE53400005053E /* Search */,
				C4D308782AFE53580005053E /* MyMedia */,
				C4A8FF9D2B148FC5008E25E4 /* SubView */,
			);
			path = View;
			sourceTree = "<group>";
		};
		C4D3086A2AFE42340005053E /* Service */ = {
			isa = PBXGroup;
			children = (
				C4D3086D2AFE482A0005053E /* APIConstant.swift */,
				C4D3086B2AFE42410005053E /* TMDBService.swift */,
			);
			path = Service;
			sourceTree = "<group>";
		};
		C4D308772AFE53400005053E /* Search */ = {
			isa = PBXGroup;
			children = (
				C4D308682AFE41380005053E /* SearchView.swift */,
				C4D308652AFE1E050005053E /* SearchMovieDetailView.swift */,
			);
			path = Search;
			sourceTree = "<group>";
		};
		C4D308782AFE53580005053E /* MyMedia */ = {
			isa = PBXGroup;
			children = (
				C4D308752AFE53380005053E /* MyMediaView.swift */,
				C4BBF5642B0B233A00C1A409 /* MyMediaDetailView.swift */,
			);
			path = MyMedia;
			sourceTree = "<group>";
		};
		C4D3087F2AFF19500005053E /* Resources */ = {
			isa = PBXGroup;
			children = (
				C4D6C7472AFBAE2600072148 /* Assets.xcassets */,
				C4D6C7492AFBAE2600072148 /* Preview Content */,
				C4D6C7432AFBAE2400072148 /* RunningTimeApp.swift */,
			);
			path = Resources;
			sourceTree = "<group>";
		};
		C4D6C7372AFBAE2400072148 = {
			isa = PBXGroup;
			children = (
				C4D6C7422AFBAE2400072148 /* SAEAL */,
				C4D6C7412AFBAE2400072148 /* Products */,
			);
			sourceTree = "<group>";
		};
		C4D6C7412AFBAE2400072148 /* Products */ = {
			isa = PBXGroup;
			children = (
				C4D6C7402AFBAE2400072148 /* SAEAL.app */,
			);
			name = Products;
			sourceTree = "<group>";
		};
		C4D6C7422AFBAE2400072148 /* SAEAL */ = {
			isa = PBXGroup;
			children = (
				C4A6D0B82B1760C900137244 /* Info.plist */,
				C4D308642AFE1DEF0005053E /* Model */,
				C4D308672AFE3EC30005053E /* View */,
				C4D3086A2AFE42340005053E /* Service */,
				C498EEC82B0F33EB00D16CE8 /* ViewModel */,
				C48D43582B1708B100471126 /* Extension */,
				C4A6D0A92B17605D00137244 /* Fonts */,
				C4D3087F2AFF19500005053E /* Resources */,
			);
			path = SAEAL;
			sourceTree = "<group>";
		};
		C4D6C7492AFBAE2600072148 /* Preview Content */ = {
			isa = PBXGroup;
			children = (
				C4D6C74A2AFBAE2600072148 /* Preview Assets.xcassets */,
			);
			path = "Preview Content";
			sourceTree = "<group>";
		};
/* End PBXGroup section */

/* Begin PBXNativeTarget section */
		C4D6C73F2AFBAE2400072148 /* SAEAL */ = {
			isa = PBXNativeTarget;
			buildConfigurationList = C4D6C74E2AFBAE2600072148 /* Build configuration list for PBXNativeTarget "SAEAL" */;
			buildPhases = (
				C4D6C73C2AFBAE2400072148 /* Sources */,
				C4D6C73D2AFBAE2400072148 /* Frameworks */,
				C4D6C73E2AFBAE2400072148 /* Resources */,
			);
			buildRules = (
			);
			dependencies = (
			);
			name = SAEAL;
			packageProductDependencies = (
				C4D308812AFF1AD30005053E /* Kingfisher */,
				C4A5B2CF2B0253FE00BECFEB /* Realm */,
				C4A5B2D12B0253FE00BECFEB /* RealmSwift */,
			);
			productName = RunningTime;
			productReference = C4D6C7402AFBAE2400072148 /* SAEAL.app */;
			productType = "com.apple.product-type.application";
		};
/* End PBXNativeTarget section */

/* Begin PBXProject section */
		C4D6C7382AFBAE2400072148 /* Project object */ = {
			isa = PBXProject;
			attributes = {
				BuildIndependentTargetsInParallel = 1;
				LastSwiftUpdateCheck = 1500;
				LastUpgradeCheck = 1500;
				TargetAttributes = {
					C4D6C73F2AFBAE2400072148 = {
						CreatedOnToolsVersion = 15.0;
					};
				};
			};
			buildConfigurationList = C4D6C73B2AFBAE2400072148 /* Build configuration list for PBXProject "SAEAL" */;
			compatibilityVersion = "Xcode 14.0";
			developmentRegion = en;
			hasScannedForEncodings = 0;
			knownRegions = (
				en,
				Base,
			);
			mainGroup = C4D6C7372AFBAE2400072148;
			packageReferences = (
				C4D308802AFF1AD30005053E /* XCRemoteSwiftPackageReference "Kingfisher" */,
				C4A5B2CE2B0253FE00BECFEB /* XCRemoteSwiftPackageReference "realm-swift" */,
			);
			productRefGroup = C4D6C7412AFBAE2400072148 /* Products */;
			projectDirPath = "";
			projectRoot = "";
			targets = (
				C4D6C73F2AFBAE2400072148 /* SAEAL */,
			);
		};
/* End PBXProject section */

/* Begin PBXResourcesBuildPhase section */
		C4D6C73E2AFBAE2400072148 /* Resources */ = {
			isa = PBXResourcesBuildPhase;
			buildActionMask = 2147483647;
			files = (
				C49D5ED32B1ED1520054901F /* Pretendard-ExtraLight.otf in Resources */,
				C4A6D0B62B1760A600137244 /* KoPubWorld Batang_Pro Medium.otf in Resources */,
				C49D5ED12B1ED1520054901F /* Pretendard-Bold.otf in Resources */,
				C4A6D0B72B1760A600137244 /* 우주.ttf in Resources */,
				C49D5ED02B1ED1520054901F /* Pretendard-ExtraBold.otf in Resources */,
				C49D5ED42B1ED1520054901F /* Pretendard-SemiBold.otf in Resources */,
				C4D6C74B2AFBAE2600072148 /* Preview Assets.xcassets in Resources */,
				C49D5ECE2B1ED1520054901F /* Pretendard-Medium.otf in Resources */,
				C4A6D0B42B1760A600137244 /* KoPubWorld Dotum_Pro Medium.otf in Resources */,
				C4D6C7482AFBAE2600072148 /* Assets.xcassets in Resources */,
				C4A6D0B12B1760A600137244 /* KoPubWorld Dotum_Pro Bold.otf in Resources */,
				C49D5ED22B1ED1520054901F /* Pretendard-Thin.otf in Resources */,
				C4A6D0B32B1760A600137244 /* KoPubWorld Batang_Pro Light.otf in Resources */,
				C49D5ECC2B1ED1520054901F /* Pretendard-Regular.otf in Resources */,
				C4A6D0B22B1760A600137244 /* KoPubWorld Batang_Pro Bold.otf in Resources */,
				C49D5ECF2B1ED1520054901F /* Pretendard-Light.otf in Resources */,
				C49D5ECD2B1ED1520054901F /* Pretendard-Black.otf in Resources */,
				C4A6D0B52B1760A600137244 /* KoPubWorld Dotum_Pro Light.otf in Resources */,
			);
			runOnlyForDeploymentPostprocessing = 0;
		};
/* End PBXResourcesBuildPhase section */

/* Begin PBXSourcesBuildPhase section */
		C4D6C73C2AFBAE2400072148 /* Sources */ = {
			isa = PBXSourcesBuildPhase;
			buildActionMask = 2147483647;
			files = (
				C49D5ED62B1ED5240054901F /* Int+Extension.swift in Sources */,
				C4D308662AFE1E050005053E /* SearchMovieDetailView.swift in Sources */,
				C4D3087C2AFE57BB0005053E /* MyMediaService.swift in Sources */,
				C4D6C7462AFBAE2400072148 /* ContentView.swift in Sources */,
				C4D3086E2AFE482A0005053E /* APIConstant.swift in Sources */,
				C49D5ED82B1EE9180054901F /* Date+Extension.swift in Sources */,
				C4D308862AFF37B20005053E /* Account.swift in Sources */,
				C4D6C7442AFBAE2400072148 /* RunningTimeApp.swift in Sources */,
				C4D308692AFE41380005053E /* SearchView.swift in Sources */,
				C4D3086C2AFE42410005053E /* TMDBService.swift in Sources */,
				C48D43572B16FF6900471126 /* MonthlyGraphView.swift in Sources */,
				C4D308762AFE53380005053E /* MyMediaView.swift in Sources */,
				C4D308842AFF37940005053E /* ViewingTimeView.swift in Sources */,
				C4A8FF9F2B148FED008E25E4 /* OneMovieCapsule.swift in Sources */,
				C4BBF5652B0B233A00C1A409 /* MyMediaDetailView.swift in Sources */,
				C4A6D0BA2B17647D00137244 /* Font+Extension.swift in Sources */,
				C48D435A2B1708C500471126 /* Color+Extension.swift in Sources */,
				C48D43552B16F4C400471126 /* MovieDetailSubView.swift in Sources */,
				C4A5B2CD2B0253EA00BECFEB /* DBMovie.swift in Sources */,
			);
			runOnlyForDeploymentPostprocessing = 0;
		};
/* End PBXSourcesBuildPhase section */

/* Begin XCBuildConfiguration section */
		C4D6C74C2AFBAE2600072148 /* Debug */ = {
			isa = XCBuildConfiguration;
			buildSettings = {
				ALWAYS_SEARCH_USER_PATHS = NO;
				ASSETCATALOG_COMPILER_GENERATE_SWIFT_ASSET_SYMBOL_EXTENSIONS = YES;
				CLANG_ANALYZER_NONNULL = YES;
				CLANG_ANALYZER_NUMBER_OBJECT_CONVERSION = YES_AGGRESSIVE;
				CLANG_CXX_LANGUAGE_STANDARD = "gnu++20";
				CLANG_ENABLE_MODULES = YES;
				CLANG_ENABLE_OBJC_ARC = YES;
				CLANG_ENABLE_OBJC_WEAK = YES;
				CLANG_WARN_BLOCK_CAPTURE_AUTORELEASING = YES;
				CLANG_WARN_BOOL_CONVERSION = YES;
				CLANG_WARN_COMMA = YES;
				CLANG_WARN_CONSTANT_CONVERSION = YES;
				CLANG_WARN_DEPRECATED_OBJC_IMPLEMENTATIONS = YES;
				CLANG_WARN_DIRECT_OBJC_ISA_USAGE = YES_ERROR;
				CLANG_WARN_DOCUMENTATION_COMMENTS = YES;
				CLANG_WARN_EMPTY_BODY = YES;
				CLANG_WARN_ENUM_CONVERSION = YES;
				CLANG_WARN_INFINITE_RECURSION = YES;
				CLANG_WARN_INT_CONVERSION = YES;
				CLANG_WARN_NON_LITERAL_NULL_CONVERSION = YES;
				CLANG_WARN_OBJC_IMPLICIT_RETAIN_SELF = YES;
				CLANG_WARN_OBJC_LITERAL_CONVERSION = YES;
				CLANG_WARN_OBJC_ROOT_CLASS = YES_ERROR;
				CLANG_WARN_QUOTED_INCLUDE_IN_FRAMEWORK_HEADER = YES;
				CLANG_WARN_RANGE_LOOP_ANALYSIS = YES;
				CLANG_WARN_STRICT_PROTOTYPES = YES;
				CLANG_WARN_SUSPICIOUS_MOVE = YES;
				CLANG_WARN_UNGUARDED_AVAILABILITY = YES_AGGRESSIVE;
				CLANG_WARN_UNREACHABLE_CODE = YES;
				CLANG_WARN__DUPLICATE_METHOD_MATCH = YES;
				COPY_PHASE_STRIP = NO;
				DEBUG_INFORMATION_FORMAT = dwarf;
				ENABLE_STRICT_OBJC_MSGSEND = YES;
				ENABLE_TESTABILITY = YES;
				ENABLE_USER_SCRIPT_SANDBOXING = YES;
				GCC_C_LANGUAGE_STANDARD = gnu17;
				GCC_DYNAMIC_NO_PIC = NO;
				GCC_NO_COMMON_BLOCKS = YES;
				GCC_OPTIMIZATION_LEVEL = 0;
				GCC_PREPROCESSOR_DEFINITIONS = (
					"DEBUG=1",
					"$(inherited)",
				);
				GCC_WARN_64_TO_32_BIT_CONVERSION = YES;
				GCC_WARN_ABOUT_RETURN_TYPE = YES_ERROR;
				GCC_WARN_UNDECLARED_SELECTOR = YES;
				GCC_WARN_UNINITIALIZED_AUTOS = YES_AGGRESSIVE;
				GCC_WARN_UNUSED_FUNCTION = YES;
				GCC_WARN_UNUSED_VARIABLE = YES;
				IPHONEOS_DEPLOYMENT_TARGET = 16.0;
				LOCALIZATION_PREFERS_STRING_CATALOGS = YES;
				MTL_ENABLE_DEBUG_INFO = INCLUDE_SOURCE;
				MTL_FAST_MATH = YES;
				ONLY_ACTIVE_ARCH = YES;
				SDKROOT = iphoneos;
				SWIFT_ACTIVE_COMPILATION_CONDITIONS = "DEBUG $(inherited)";
				SWIFT_OPTIMIZATION_LEVEL = "-Onone";
			};
			name = Debug;
		};
		C4D6C74D2AFBAE2600072148 /* Release */ = {
			isa = XCBuildConfiguration;
			buildSettings = {
				ALWAYS_SEARCH_USER_PATHS = NO;
				ASSETCATALOG_COMPILER_GENERATE_SWIFT_ASSET_SYMBOL_EXTENSIONS = YES;
				CLANG_ANALYZER_NONNULL = YES;
				CLANG_ANALYZER_NUMBER_OBJECT_CONVERSION = YES_AGGRESSIVE;
				CLANG_CXX_LANGUAGE_STANDARD = "gnu++20";
				CLANG_ENABLE_MODULES = YES;
				CLANG_ENABLE_OBJC_ARC = YES;
				CLANG_ENABLE_OBJC_WEAK = YES;
				CLANG_WARN_BLOCK_CAPTURE_AUTORELEASING = YES;
				CLANG_WARN_BOOL_CONVERSION = YES;
				CLANG_WARN_COMMA = YES;
				CLANG_WARN_CONSTANT_CONVERSION = YES;
				CLANG_WARN_DEPRECATED_OBJC_IMPLEMENTATIONS = YES;
				CLANG_WARN_DIRECT_OBJC_ISA_USAGE = YES_ERROR;
				CLANG_WARN_DOCUMENTATION_COMMENTS = YES;
				CLANG_WARN_EMPTY_BODY = YES;
				CLANG_WARN_ENUM_CONVERSION = YES;
				CLANG_WARN_INFINITE_RECURSION = YES;
				CLANG_WARN_INT_CONVERSION = YES;
				CLANG_WARN_NON_LITERAL_NULL_CONVERSION = YES;
				CLANG_WARN_OBJC_IMPLICIT_RETAIN_SELF = YES;
				CLANG_WARN_OBJC_LITERAL_CONVERSION = YES;
				CLANG_WARN_OBJC_ROOT_CLASS = YES_ERROR;
				CLANG_WARN_QUOTED_INCLUDE_IN_FRAMEWORK_HEADER = YES;
				CLANG_WARN_RANGE_LOOP_ANALYSIS = YES;
				CLANG_WARN_STRICT_PROTOTYPES = YES;
				CLANG_WARN_SUSPICIOUS_MOVE = YES;
				CLANG_WARN_UNGUARDED_AVAILABILITY = YES_AGGRESSIVE;
				CLANG_WARN_UNREACHABLE_CODE = YES;
				CLANG_WARN__DUPLICATE_METHOD_MATCH = YES;
				COPY_PHASE_STRIP = NO;
				DEBUG_INFORMATION_FORMAT = "dwarf-with-dsym";
				ENABLE_NS_ASSERTIONS = NO;
				ENABLE_STRICT_OBJC_MSGSEND = YES;
				ENABLE_USER_SCRIPT_SANDBOXING = YES;
				GCC_C_LANGUAGE_STANDARD = gnu17;
				GCC_NO_COMMON_BLOCKS = YES;
				GCC_WARN_64_TO_32_BIT_CONVERSION = YES;
				GCC_WARN_ABOUT_RETURN_TYPE = YES_ERROR;
				GCC_WARN_UNDECLARED_SELECTOR = YES;
				GCC_WARN_UNINITIALIZED_AUTOS = YES_AGGRESSIVE;
				GCC_WARN_UNUSED_FUNCTION = YES;
				GCC_WARN_UNUSED_VARIABLE = YES;
				IPHONEOS_DEPLOYMENT_TARGET = 16.0;
				LOCALIZATION_PREFERS_STRING_CATALOGS = YES;
				MTL_ENABLE_DEBUG_INFO = NO;
				MTL_FAST_MATH = YES;
				SDKROOT = iphoneos;
				SWIFT_COMPILATION_MODE = wholemodule;
				VALIDATE_PRODUCT = YES;
			};
			name = Release;
		};
		C4D6C74F2AFBAE2600072148 /* Debug */ = {
			isa = XCBuildConfiguration;
			buildSettings = {
				ASSETCATALOG_COMPILER_APPICON_NAME = AppIcon;
				ASSETCATALOG_COMPILER_GLOBAL_ACCENT_COLOR_NAME = AccentColor;
				CODE_SIGN_STYLE = Automatic;
				CURRENT_PROJECT_VERSION = 1;
				DEVELOPMENT_ASSET_PATHS = "\"SAEAL/Resources/Preview Content\"";
				DEVELOPMENT_TEAM = S5877PQ292;
				ENABLE_PREVIEWS = YES;
				GENERATE_INFOPLIST_FILE = YES;
				INFOPLIST_FILE = SAEAL/Info.plist;
				INFOPLIST_KEY_UIApplicationSceneManifest_Generation = YES;
				INFOPLIST_KEY_UIApplicationSupportsIndirectInputEvents = YES;
				INFOPLIST_KEY_UILaunchScreen_Generation = YES;
				INFOPLIST_KEY_UISupportedInterfaceOrientations = UIInterfaceOrientationPortrait;
				INFOPLIST_KEY_UISupportedInterfaceOrientations_iPad = "UIInterfaceOrientationLandscapeLeft UIInterfaceOrientationLandscapeRight UIInterfaceOrientationPortrait UIInterfaceOrientationPortraitUpsideDown";
				IPHONEOS_DEPLOYMENT_TARGET = 16.0;
				LD_RUNPATH_SEARCH_PATHS = (
					"$(inherited)",
					"@executable_path/Frameworks",
				);
				MARKETING_VERSION = 1.0;
				PRODUCT_BUNDLE_IDENTIFIER = com.usingkkim.SAEAL;
				PRODUCT_NAME = "$(TARGET_NAME)";
				SUPPORTED_PLATFORMS = "iphoneos iphonesimulator";
				SUPPORTS_MACCATALYST = NO;
				SUPPORTS_MAC_DESIGNED_FOR_IPHONE_IPAD = NO;
				SWIFT_EMIT_LOC_STRINGS = YES;
				SWIFT_VERSION = 5.0;
				TARGETED_DEVICE_FAMILY = 1;
			};
			name = Debug;
		};
		C4D6C7502AFBAE2600072148 /* Release */ = {
			isa = XCBuildConfiguration;
			buildSettings = {
				ASSETCATALOG_COMPILER_APPICON_NAME = AppIcon;
				ASSETCATALOG_COMPILER_GLOBAL_ACCENT_COLOR_NAME = AccentColor;
				CODE_SIGN_STYLE = Automatic;
				CURRENT_PROJECT_VERSION = 1;
				DEVELOPMENT_ASSET_PATHS = "\"SAEAL/Resources/Preview Content\"";
				DEVELOPMENT_TEAM = S5877PQ292;
				ENABLE_PREVIEWS = YES;
				GENERATE_INFOPLIST_FILE = YES;
				INFOPLIST_FILE = SAEAL/Info.plist;
				INFOPLIST_KEY_UIApplicationSceneManifest_Generation = YES;
				INFOPLIST_KEY_UIApplicationSupportsIndirectInputEvents = YES;
				INFOPLIST_KEY_UILaunchScreen_Generation = YES;
				INFOPLIST_KEY_UISupportedInterfaceOrientations = UIInterfaceOrientationPortrait;
				INFOPLIST_KEY_UISupportedInterfaceOrientations_iPad = "UIInterfaceOrientationLandscapeLeft UIInterfaceOrientationLandscapeRight UIInterfaceOrientationPortrait UIInterfaceOrientationPortraitUpsideDown";
				IPHONEOS_DEPLOYMENT_TARGET = 16.0;
				LD_RUNPATH_SEARCH_PATHS = (
					"$(inherited)",
					"@executable_path/Frameworks",
				);
				MARKETING_VERSION = 1.0;
				PRODUCT_BUNDLE_IDENTIFIER = com.usingkkim.SAEAL;
				PRODUCT_NAME = "$(TARGET_NAME)";
				SUPPORTED_PLATFORMS = "iphoneos iphonesimulator";
				SUPPORTS_MACCATALYST = NO;
				SUPPORTS_MAC_DESIGNED_FOR_IPHONE_IPAD = NO;
				SWIFT_EMIT_LOC_STRINGS = YES;
				SWIFT_VERSION = 5.0;
				TARGETED_DEVICE_FAMILY = 1;
			};
			name = Release;
		};
/* End XCBuildConfiguration section */

/* Begin XCConfigurationList section */
		C4D6C73B2AFBAE2400072148 /* Build configuration list for PBXProject "SAEAL" */ = {
			isa = XCConfigurationList;
			buildConfigurations = (
				C4D6C74C2AFBAE2600072148 /* Debug */,
				C4D6C74D2AFBAE2600072148 /* Release */,
			);
			defaultConfigurationIsVisible = 0;
			defaultConfigurationName = Release;
		};
		C4D6C74E2AFBAE2600072148 /* Build configuration list for PBXNativeTarget "SAEAL" */ = {
			isa = XCConfigurationList;
			buildConfigurations = (
				C4D6C74F2AFBAE2600072148 /* Debug */,
				C4D6C7502AFBAE2600072148 /* Release */,
			);
			defaultConfigurationIsVisible = 0;
			defaultConfigurationName = Release;
		};
/* End XCConfigurationList section */

/* Begin XCRemoteSwiftPackageReference section */
		C4A5B2CE2B0253FE00BECFEB /* XCRemoteSwiftPackageReference "realm-swift" */ = {
			isa = XCRemoteSwiftPackageReference;
			repositoryURL = "https://github.com/realm/realm-swift";
			requirement = {
				branch = master;
				kind = branch;
			};
		};
		C4D308802AFF1AD30005053E /* XCRemoteSwiftPackageReference "Kingfisher" */ = {
			isa = XCRemoteSwiftPackageReference;
			repositoryURL = "https://github.com/onevcat/Kingfisher";
			requirement = {
				kind = upToNextMajorVersion;
				minimumVersion = 7.10.0;
			};
		};
/* End XCRemoteSwiftPackageReference section */

/* Begin XCSwiftPackageProductDependency section */
		C4A5B2CF2B0253FE00BECFEB /* Realm */ = {
			isa = XCSwiftPackageProductDependency;
			package = C4A5B2CE2B0253FE00BECFEB /* XCRemoteSwiftPackageReference "realm-swift" */;
			productName = Realm;
		};
		C4A5B2D12B0253FE00BECFEB /* RealmSwift */ = {
			isa = XCSwiftPackageProductDependency;
			package = C4A5B2CE2B0253FE00BECFEB /* XCRemoteSwiftPackageReference "realm-swift" */;
			productName = RealmSwift;
		};
		C4D308812AFF1AD30005053E /* Kingfisher */ = {
			isa = XCSwiftPackageProductDependency;
			package = C4D308802AFF1AD30005053E /* XCRemoteSwiftPackageReference "Kingfisher" */;
			productName = Kingfisher;
		};
/* End XCSwiftPackageProductDependency section */
	};
	rootObject = C4D6C7382AFBAE2400072148 /* Project object */;
}
